
Microsoft Visual Studio Solution File, Format Version 12.00
# Visual Studio Version 17
VisualStudioVersion = 17.8.34408.163
MinimumVisualStudioVersion = 10.0.40219.1
Project("{9A19103F-16F7-4668-BE54-9A1E7A4F7556}") = "MIS3013_HW2_TriviaQuiz", "MIS3013_HW2_TriviaQuiz\MIS3013_HW2_TriviaQuiz.csproj", "{B6720F0A-2C33-4E6D-A207-573E0C24A721}"
EndProject
Global
	GlobalSection(SolutionConfigurationPlatforms) = preSolution
		Debug|Any CPU = Debug|Any CPU
		Release|Any CPU = Release|Any CPU
	EndGlobalSection
	GlobalSection(ProjectConfigurationPlatforms) = postSolution
		{B6720F0A-2C33-4E6D-A207-573E0C24A721}.Debug|Any CPU.ActiveCfg = Debug|Any CPU
		{B6720F0A-2C33-4E6D-A207-573E0C24A721}.Debug|Any CPU.Build.0 = Debug|Any CPU
		{B6720F0A-2C33-4E6D-A207-573E0C24A721}.Release|Any CPU.ActiveCfg = Release|Any CPU
		{B6720F0A-2C33-4E6D-A207-573E0C24A721}.Release|Any CPU.Build.0 = Release|Any CPU
	EndGlobalSection
	GlobalSection(SolutionProperties) = preSolution
		HideSolutionNode = FALSE
	EndGlobalSection
	GlobalSection(ExtensibilityGlobals) = postSolution
		SolutionGuid = {5028B47A-4F26-4399-AFF8-1737B2ECD677}
	EndGlobalSection
EndGlobal
